
Microsoft Visual Studio Solution File, Format Version 12.00
# Visual Studio Version 17
VisualStudioVersion = 17.14.37516.0
MinimumVisualStudioVersion = 10.0.40219.1
Project("{2150E333-8FDC-42A3-9474-1A3956D46DE8}") = "Services", "Services", "{02EA681E-C7D8-13C7-8484-4AC65E1B71E8}"
EndProject
Project("{2150E333-8FDC-42A3-9474-1A3956D46DE8}") = "api-gateway", "api-gateway", "{F291EE14-4328-4CEF-B86B-1A787622CBC0}"
EndProject
Project("{2150E333-8FDC-42A3-9474-1A3956D46DE8}") = "share-kernel", "share-kernel", "{6AF5DC4B-F0D9-44B3-A4F1-E0232A1D6582}"
EndProject
Project("{2150E333-8FDC-42A3-9474-1A3956D46DE8}") = "Solution Items", "Solution Items", "{8EC462FD-D22E-90A8-E5CE-7E832BA40C5D}"
	ProjectSection(SolutionItems) = preProject
		docker-compose.yaml = docker-compose.yaml
	EndProjectSection
EndProject
Project("{FAE04EC0-301F-11D3-BF4B-00C04F79EFBC}") = "Domain", "share-kernel\Domain\Domain.csproj", "{6223E84C-4B7D-4F8E-A1F7-68244F25D3A2}"
EndProject
Project("{FAE04EC0-301F-11D3-BF4B-00C04F79EFBC}") = "Messaging", "share-kernel\messaging\Messaging.csproj", "{A1B7C252-143C-48E1-AAD9-07E16D810FE9}"
EndProject
Project("{FAE04EC0-301F-11D3-BF4B-00C04F79EFBC}") = "Security", "share-kernel\Security\Security.csproj", "{F4DDEAFD-342E-496E-8444-9E2C05AE055B}"
EndProject
Project("{2150E333-8FDC-42A3-9474-1A3956D46DE8}") = "catalog-service", "catalog-service", "{92C73D88-9A74-4FCE-A40C-910DF46692A4}"
EndProject
Project("{FAE04EC0-301F-11D3-BF4B-00C04F79EFBC}") = "Catalog.Domain", "Services\catalog-service\Catalog.Domain\Catalog.Domain.csproj", "{F15F4570-0D9C-4ECD-9335-6621CD929841}"
EndProject
Project("{FAE04EC0-301F-11D3-BF4B-00C04F79EFBC}") = "Catalog.Application", "Services\catalog-service\Catalog.Application\Catalog.Application.csproj", "{9037CA2A-5257-4F1C-A75F-6A2CD63119CA}"
EndProject
Project("{FAE04EC0-301F-11D3-BF4B-00C04F79EFBC}") = "Catalog.Infrastructure", "Services\catalog-service\Catalog.Infrastructure\Catalog.Infrastructure.csproj", "{04B35CA5-1BCB-42CA-8AF3-940839432FED}"
EndProject
Project("{FAE04EC0-301F-11D3-BF4B-00C04F79EFBC}") = "Catalog.Api", "Services\catalog-service\Catalog.Api\Catalog.Api.csproj", "{0A5AF10B-67CB-40FB-A452-8B6DCDBC62CF}"
EndProject
Project("{2150E333-8FDC-42A3-9474-1A3956D46DE8}") = "customer-service", "customer-service", "{C74ACE12-3F91-4EDE-95BA-5C241A6FE5B6}"
EndProject
Project("{FAE04EC0-301F-11D3-BF4B-00C04F79EFBC}") = "Customer.Domain", "Services\customer-service\Customer.Domain\Customer.Domain.csproj", "{BC0D236E-7E0F-41B9-8C75-D4DA3D2D967F}"
EndProject
Project("{FAE04EC0-301F-11D3-BF4B-00C04F79EFBC}") = "Customer.Application", "Services\customer-service\Customer.Application\Customer.Application.csproj", "{43462603-361D-4104-A0EC-10592873D9F7}"
EndProject
Project("{FAE04EC0-301F-11D3-BF4B-00C04F79EFBC}") = "Customer.Infrastructure", "Services\customer-service\Customer.Infrastructure\Customer.Infrastructure.csproj", "{F0461B6C-664A-4F36-A404-273A38E0B04B}"
EndProject
Project("{FAE04EC0-301F-11D3-BF4B-00C04F79EFBC}") = "Customer.Api", "Services\customer-service\Customer.Api\Customer.Api.csproj", "{CFB62D60-8928-4561-9E27-24A466AC10E2}"
EndProject
Project("{2150E333-8FDC-42A3-9474-1A3956D46DE8}") = "inventory-service", "inventory-service", "{4E9C9BA7-6C0B-401F-ADFB-1EB355425C07}"
EndProject
Project("{FAE04EC0-301F-11D3-BF4B-00C04F79EFBC}") = "Inventory.Domain", "Services\inventory-service\Inventory.Domain\Inventory.Domain.csproj", "{F5A376B9-B187-4325-9D9F-FC451482B56B}"
EndProject
Project("{FAE04EC0-301F-11D3-BF4B-00C04F79EFBC}") = "Inventory.Application", "Services\inventory-service\Inventory.Application\Inventory.Application.csproj", "{F7A6EDDD-05E6-492E-A975-CCFC7C9EB300}"
EndProject
Project("{FAE04EC0-301F-11D3-BF4B-00C04F79EFBC}") = "Inventory.Api", "Services\inventory-service\Inventory.Api\Inventory.Api.csproj", "{F8A0FADE-3D80-487E-AFD9-6AF6C3F9524F}"
EndProject
Project("{2150E333-8FDC-42A3-9474-1A3956D46DE8}") = "order-service", "order-service", "{8AE0D8E7-C124-42A5-85E8-7CA480A1A0B6}"
EndProject
Project("{FAE04EC0-301F-11D3-BF4B-00C04F79EFBC}") = "Order.Domain", "Services\order-service\Order.Domain\Order.Domain.csproj", "{D2104A43-8B16-4829-8A68-3D9D2DE15C06}"
EndProject
Project("{FAE04EC0-301F-11D3-BF4B-00C04F79EFBC}") = "Order.Application", "Services\order-service\Order.Application\Order.Application.csproj", "{A4716F7E-90B2-41CE-8B6E-EC35368C2131}"
EndProject
Project("{FAE04EC0-301F-11D3-BF4B-00C04F79EFBC}") = "Order.Infrastructure", "Services\order-service\Order.Infrastructure\Order.Infrastructure.csproj", "{D660E7C5-FC60-4A6B-9BE2-45D1F1DD7622}"
EndProject
Project("{FAE04EC0-301F-11D3-BF4B-00C04F79EFBC}") = "Order.Api", "Services\order-service\Order.Api\Order.Api.csproj", "{660F8FA6-DA1B-44B5-829A-2379CEE4F18E}"
EndProject
Project("{2150E333-8FDC-42A3-9474-1A3956D46DE8}") = "payment-service", "payment-service", "{49DA0AF6-2C43-428B-9371-08F460DD0FE9}"
EndProject
Project("{FAE04EC0-301F-11D3-BF4B-00C04F79EFBC}") = "Payment.Domain", "Services\payment-service\Payment.Domain\Payment.Domain.csproj", "{086EDD8E-D24A-42DF-9C35-83B1D34EA267}"
EndProject
Project("{FAE04EC0-301F-11D3-BF4B-00C04F79EFBC}") = "Payment.Application", "Services\payment-service\Payment.Application\Payment.Application.csproj", "{479AC027-79B1-4670-978E-395FC93A7973}"
EndProject
Project("{FAE04EC0-301F-11D3-BF4B-00C04F79EFBC}") = "Payment.Infrastructure", "Services\payment-service\Payment.Infrastructure\Payment.Infrastructure.csproj", "{EDFB259E-9021-44EC-B8A7-A0D39426CE31}"
EndProject
Project("{FAE04EC0-301F-11D3-BF4B-00C04F79EFBC}") = "Payment.Api", "Services\payment-service\Payment.Api\Payment.Api.csproj", "{45D60162-F87A-420F-846E-A0DDC4D53B1F}"
EndProject
Project("{2150E333-8FDC-42A3-9474-1A3956D46DE8}") = "shipping-service", "shipping-service", "{A78B7555-7EBF-424A-8C5E-F3D5BCE027D8}"
EndProject
Project("{FAE04EC0-301F-11D3-BF4B-00C04F79EFBC}") = "Shipping.Domain", "Services\shipping-service\Shipping.Domain\Shipping.Domain.csproj", "{7902E8C6-AFDA-4D57-868D-C7946EAF6736}"
EndProject
Project("{FAE04EC0-301F-11D3-BF4B-00C04F79EFBC}") = "Shipping.Application", "Services\shipping-service\Shipping.Application\Shipping.Application.csproj", "{45B1F0E4-866E-4D28-AF9E-D91045748BBA}"
EndProject
Project("{FAE04EC0-301F-11D3-BF4B-00C04F79EFBC}") = "Shipping.Infrastructure", "Services\shipping-service\Shipping.Infrastructure\Shipping.Infrastructure.csproj", "{4FA46700-BB7C-4F24-B994-F124C22FA23E}"
EndProject
Project("{FAE04EC0-301F-11D3-BF4B-00C04F79EFBC}") = "Shipping.Api", "Services\shipping-service\Shipping.Api\Shipping.Api.csproj", "{DB0DCE19-346D-45C0-8680-601595EC0A90}"
EndProject
Project("{2150E333-8FDC-42A3-9474-1A3956D46DE8}") = "identity-service", "identity-service", "{D8DA89D8-2FBF-4C65-A8AA-3BA635680FCB}"
EndProject
Project("{FAE04EC0-301F-11D3-BF4B-00C04F79EFBC}") = "Identity.Domain", "Services\identity-service\Identity.Domain\Identity.Domain.csproj", "{43EFF15F-BB0C-4A79-BC5E-2CD650B6FE90}"
EndProject
Project("{FAE04EC0-301F-11D3-BF4B-00C04F79EFBC}") = "Identity.Application", "Services\identity-service\Identity.Application\Identity.Application.csproj", "{94D30009-761B-4DF4-A279-8352FF650B89}"
EndProject
Project("{FAE04EC0-301F-11D3-BF4B-00C04F79EFBC}") = "Identity.Infrastructure", "Services\identity-service\Identity.Infrastructure\Identity.Infrastructure.csproj", "{FD25029F-DD13-43E8-B3B0-85D98364408C}"
EndProject
Project("{FAE04EC0-301F-11D3-BF4B-00C04F79EFBC}") = "Identity.Api", "Services\identity-service\Identity.Api\Identity.Api.csproj", "{D58E4C74-115F-4490-9D19-E7D288286E67}"
EndProject
Project("{2150E333-8FDC-42A3-9474-1A3956D46DE8}") = "notification-service", "notification-service", "{4CB0CB40-37EB-4F8F-9E27-69E093607DF9}"
EndProject
Project("{FAE04EC0-301F-11D3-BF4B-00C04F79EFBC}") = "Notification.Domain", "Services\notification-service\Notification.Domain\Notification.Domain.csproj", "{410F2EFF-254E-403C-9321-15131E550C96}"
EndProject
Project("{FAE04EC0-301F-11D3-BF4B-00C04F79EFBC}") = "Notification.Application", "Services\notification-service\Notification.Application\Notification.Application.csproj", "{42C72431-963A-4CCB-A4F9-7A2CB7D64AB5}"
EndProject
Project("{FAE04EC0-301F-11D3-BF4B-00C04F79EFBC}") = "Notification.Infrastructure", "Services\notification-service\Notification.Infrastructure\Notification.Infrastructure.csproj", "{A94B2AA1-BCA5-43F4-87CC-59A063881E13}"
EndProject
Project("{FAE04EC0-301F-11D3-BF4B-00C04F79EFBC}") = "Notification.Api", "Services\notification-service\Notification.Api\Notification.Api.csproj", "{BC5FDE10-8CD2-4993-9299-301EA77DA3C7}"
EndProject
Project("{FAE04EC0-301F-11D3-BF4B-00C04F79EFBC}") = "Inventory.Infrastructure", "Services\inventory-service\Inventory.Infrastructure\Inventory.Infrastructure.csproj", "{34967BA1-4693-4B37-86D6-A025EFA6D0B7}"
EndProject
Global
	GlobalSection(SolutionConfigurationPlatforms) = preSolution
		Debug|Any CPU = Debug|Any CPU
		Release|Any CPU = Release|Any CPU
	EndGlobalSection
	GlobalSection(ProjectConfigurationPlatforms) = postSolution
		{6223E84C-4B7D-4F8E-A1F7-68244F25D3A2}.Debug|Any CPU.ActiveCfg = Debug|Any CPU
		{6223E84C-4B7D-4F8E-A1F7-68244F25D3A2}.Debug|Any CPU.Build.0 = Debug|Any CPU
		{6223E84C-4B7D-4F8E-A1F7-68244F25D3A2}.Release|Any CPU.ActiveCfg = Release|Any CPU
		{6223E84C-4B7D-4F8E-A1F7-68244F25D3A2}.Release|Any CPU.Build.0 = Release|Any CPU
		{A1B7C252-143C-48E1-AAD9-07E16D810FE9}.Debug|Any CPU.ActiveCfg = Debug|Any CPU
		{A1B7C252-143C-48E1-AAD9-07E16D810FE9}.Debug|Any CPU.Build.0 = Debug|Any CPU
		{A1B7C252-143C-48E1-AAD9-07E16D810FE9}.Release|Any CPU.ActiveCfg = Release|Any CPU
		{A1B7C252-143C-48E1-AAD9-07E16D810FE9}.Release|Any CPU.Build.0 = Release|Any CPU
		{F4DDEAFD-342E-496E-8444-9E2C05AE055B}.Debug|Any CPU.ActiveCfg = Debug|Any CPU
		{F4DDEAFD-342E-496E-8444-9E2C05AE055B}.Debug|Any CPU.Build.0 = Debug|Any CPU
		{F4DDEAFD-342E-496E-8444-9E2C05AE055B}.Release|Any CPU.ActiveCfg = Release|Any CPU
		{F4DDEAFD-342E-496E-8444-9E2C05AE055B}.Release|Any CPU.Build.0 = Release|Any CPU
		{F15F4570-0D9C-4ECD-9335-6621CD929841}.Debug|Any CPU.ActiveCfg = Debug|Any CPU
		{F15F4570-0D9C-4ECD-9335-6621CD929841}.Debug|Any CPU.Build.0 = Debug|Any CPU
		{F15F4570-0D9C-4ECD-9335-6621CD929841}.Release|Any CPU.ActiveCfg = Release|Any CPU
		{F15F4570-0D9C-4ECD-9335-6621CD929841}.Release|Any CPU.Build.0 = Release|Any CPU
		{9037CA2A-5257-4F1C-A75F-6A2CD63119CA}.Debug|Any CPU.ActiveCfg = Debug|Any CPU
		{9037CA2A-5257-4F1C-A75F-6A2CD63119CA}.Debug|Any CPU.Build.0 = Debug|Any CPU
		{9037CA2A-5257-4F1C-A75F-6A2CD63119CA}.Release|Any CPU.ActiveCfg = Release|Any CPU
		{9037CA2A-5257-4F1C-A75F-6A2CD63119CA}.Release|Any CPU.Build.0 = Release|Any CPU
		{04B35CA5-1BCB-42CA-8AF3-940839432FED}.Debug|Any CPU.ActiveCfg = Debug|Any CPU
		{04B35CA5-1BCB-42CA-8AF3-940839432FED}.Debug|Any CPU.Build.0 = Debug|Any CPU
		{04B35CA5-1BCB-42CA-8AF3-940839432FED}.Release|Any CPU.ActiveCfg = Release|Any CPU
		{04B35CA5-1BCB-42CA-8AF3-940839432FED}.Release|Any CPU.Build.0 = Release|Any CPU
		{0A5AF10B-67CB-40FB-A452-8B6DCDBC62CF}.Debug|Any CPU.ActiveCfg = Debug|Any CPU
		{0A5AF10B-67CB-40FB-A452-8B6DCDBC62CF}.Debug|Any CPU.Build.0 = Debug|Any CPU
		{0A5AF10B-67CB-40FB-A452-8B6DCDBC62CF}.Release|Any CPU.ActiveCfg = Release|Any CPU
		{0A5AF10B-67CB-40FB-A452-8B6DCDBC62CF}.Release|Any CPU.Build.0 = Release|Any CPU
		{BC0D236E-7E0F-41B9-8C75-D4DA3D2D967F}.Debug|Any CPU.ActiveCfg = Debug|Any CPU
		{BC0D236E-7E0F-41B9-8C75-D4DA3D2D967F}.Debug|Any CPU.Build.0 = Debug|Any CPU
		{BC0D236E-7E0F-41B9-8C75-D4DA3D2D967F}.Release|Any CPU.ActiveCfg = Release|Any CPU
		{BC0D236E-7E0F-41B9-8C75-D4DA3D2D967F}.Release|Any CPU.Build.0 = Release|Any CPU
		{43462603-361D-4104-A0EC-10592873D9F7}.Debug|Any CPU.ActiveCfg = Debug|Any CPU
		{43462603-361D-4104-A0EC-10592873D9F7}.Debug|Any CPU.Build.0 = Debug|Any CPU
		{43462603-361D-4104-A0EC-10592873D9F7}.Release|Any CPU.ActiveCfg = Release|Any CPU
		{43462603-361D-4104-A0EC-10592873D9F7}.Release|Any CPU.Build.0 = Release|Any CPU
		{F0461B6C-664A-4F36-A404-273A38E0B04B}.Debug|Any CPU.ActiveCfg = Debug|Any CPU
		{F0461B6C-664A-4F36-A404-273A38E0B04B}.Debug|Any CPU.Build.0 = Debug|Any CPU
		{F0461B6C-664A-4F36-A404-273A38E0B04B}.Release|Any CPU.ActiveCfg = Release|Any CPU
		{F0461B6C-664A-4F36-A404-273A38E0B04B}.Release|Any CPU.Build.0 = Release|Any CPU
		{CFB62D60-8928-4561-9E27-24A466AC10E2}.Debug|Any CPU.ActiveCfg = Debug|Any CPU
		{CFB62D60-8928-4561-9E27-24A466AC10E2}.Debug|Any CPU.Build.0 = Debug|Any CPU
		{CFB62D60-8928-4561-9E27-24A466AC10E2}.Release|Any CPU.ActiveCfg = Release|Any CPU
		{CFB62D60-8928-4561-9E27-24A466AC10E2}.Release|Any CPU.Build.0 = Release|Any CPU
		{F5A376B9-B187-4325-9D9F-FC451482B56B}.Debug|Any CPU.ActiveCfg = Debug|Any CPU
		{F5A376B9-B187-4325-9D9F-FC451482B56B}.Debug|Any CPU.Build.0 = Debug|Any CPU
		{F5A376B9-B187-4325-9D9F-FC451482B56B}.Release|Any CPU.ActiveCfg = Release|Any CPU
		{F5A376B9-B187-4325-9D9F-FC451482B56B}.Release|Any CPU.Build.0 = Release|Any CPU
		{F7A6EDDD-05E6-492E-A975-CCFC7C9EB300}.Debug|Any CPU.ActiveCfg = Debug|Any CPU
		{F7A6EDDD-05E6-492E-A975-CCFC7C9EB300}.Debug|Any CPU.Build.0 = Debug|Any CPU
		{F7A6EDDD-05E6-492E-A975-CCFC7C9EB300}.Release|Any CPU.ActiveCfg = Release|Any CPU
		{F7A6EDDD-05E6-492E-A975-CCFC7C9EB300}.Release|Any CPU.Build.0 = Release|Any CPU
		{F8A0FADE-3D80-487E-AFD9-6AF6C3F9524F}.Debug|Any CPU.ActiveCfg = Debug|Any CPU
		{F8A0FADE-3D80-487E-AFD9-6AF6C3F9524F}.Debug|Any CPU.Build.0 = Debug|Any CPU
		{F8A0FADE-3D80-487E-AFD9-6AF6C3F9524F}.Release|Any CPU.ActiveCfg = Release|Any CPU
		{F8A0FADE-3D80-487E-AFD9-6AF6C3F9524F}.Release|Any CPU.Build.0 = Release|Any CPU
		{D2104A43-8B16-4829-8A68-3D9D2DE15C06}.Debug|Any CPU.ActiveCfg = Debug|Any CPU
		{D2104A43-8B16-4829-8A68-3D9D2DE15C06}.Debug|Any CPU.Build.0 = Debug|Any CPU
		{D2104A43-8B16-4829-8A68-3D9D2DE15C06}.Release|Any CPU.ActiveCfg = Release|Any CPU
		{D2104A43-8B16-4829-8A68-3D9D2DE15C06}.Release|Any CPU.Build.0 = Release|Any CPU
		{A4716F7E-90B2-41CE-8B6E-EC35368C2131}.Debug|Any CPU.ActiveCfg = Debug|Any CPU
		{A4716F7E-90B2-41CE-8B6E-EC35368C2131}.Debug|Any CPU.Build.0 = Debug|Any CPU
		{A4716F7E-90B2-41CE-8B6E-EC35368C2131}.Release|Any CPU.ActiveCfg = Release|Any CPU
		{A4716F7E-90B2-41CE-8B6E-EC35368C2131}.Release|Any CPU.Build.0 = Release|Any CPU
		{D660E7C5-FC60-4A6B-9BE2-45D1F1DD7622}.Debug|Any CPU.ActiveCfg = Debug|Any CPU
		{D660E7C5-FC60-4A6B-9BE2-45D1F1DD7622}.Debug|Any CPU.Build.0 = Debug|Any CPU
		{D660E7C5-FC60-4A6B-9BE2-45D1F1DD7622}.Release|Any CPU.ActiveCfg = Release|Any CPU
		{D660E7C5-FC60-4A6B-9BE2-45D1F1DD7622}.Release|Any CPU.Build.0 = Release|Any CPU
		{660F8FA6-DA1B-44B5-829A-2379CEE4F18E}.Debug|Any CPU.ActiveCfg = Debug|Any CPU
		{660F8FA6-DA1B-44B5-829A-2379CEE4F18E}.Debug|Any CPU.Build.0 = Debug|Any CPU
		{660F8FA6-DA1B-44B5-829A-2379CEE4F18E}.Release|Any CPU.ActiveCfg = Release|Any CPU
		{660F8FA6-DA1B-44B5-829A-2379CEE4F18E}.Release|Any CPU.Build.0 = Release|Any CPU
		{086EDD8E-D24A-42DF-9C35-83B1D34EA267}.Debug|Any CPU.ActiveCfg = Debug|Any CPU
		{086EDD8E-D24A-42DF-9C35-83B1D34EA267}.Debug|Any CPU.Build.0 = Debug|Any CPU
		{086EDD8E-D24A-42DF-9C35-83B1D34EA267}.Release|Any CPU.ActiveCfg = Release|Any CPU
		{086EDD8E-D24A-42DF-9C35-83B1D34EA267}.Release|Any CPU.Build.0 = Release|Any CPU
		{479AC027-79B1-4670-978E-395FC93A7973}.Debug|Any CPU.ActiveCfg = Debug|Any CPU
		{479AC027-79B1-4670-978E-395FC93A7973}.Debug|Any CPU.Build.0 = Debug|Any CPU
		{479AC027-79B1-4670-978E-395FC93A7973}.Release|Any CPU.ActiveCfg = Release|Any CPU
		{479AC027-79B1-4670-978E-395FC93A7973}.Release|Any CPU.Build.0 = Release|Any CPU
		{EDFB259E-9021-44EC-B8A7-A0D39426CE31}.Debug|Any CPU.ActiveCfg = Debug|Any CPU
		{EDFB259E-9021-44EC-B8A7-A0D39426CE31}.Debug|Any CPU.Build.0 = Debug|Any CPU
		{EDFB259E-9021-44EC-B8A7-A0D39426CE31}.Release|Any CPU.ActiveCfg = Release|Any CPU
		{EDFB259E-9021-44EC-B8A7-A0D39426CE31}.Release|Any CPU.Build.0 = Release|Any CPU
		{45D60162-F87A-420F-846E-A0DDC4D53B1F}.Debug|Any CPU.ActiveCfg = Debug|Any CPU
		{45D60162-F87A-420F-846E-A0DDC4D53B1F}.Debug|Any CPU.Build.0 = Debug|Any CPU
		{45D60162-F87A-420F-846E-A0DDC4D53B1F}.Release|Any CPU.ActiveCfg = Release|Any CPU
		{45D60162-F87A-420F-846E-A0DDC4D53B1F}.Release|Any CPU.Build.0 = Release|Any CPU
		{7902E8C6-AFDA-4D57-868D-C7946EAF6736}.Debug|Any CPU.ActiveCfg = Debug|Any CPU
		{7902E8C6-AFDA-4D57-868D-C7946EAF6736}.Debug|Any CPU.Build.0 = Debug|Any CPU
		{7902E8C6-AFDA-4D57-868D-C7946EAF6736}.Release|Any CPU.ActiveCfg = Release|Any CPU
		{7902E8C6-AFDA-4D57-868D-C7946EAF6736}.Release|Any CPU.Build.0 = Release|Any CPU
		{45B1F0E4-866E-4D28-AF9E-D91045748BBA}.Debug|Any CPU.ActiveCfg = Debug|Any CPU
		{45B1F0E4-866E-4D28-AF9E-D91045748BBA}.Debug|Any CPU.Build.0 = Debug|Any CPU
		{45B1F0E4-866E-4D28-AF9E-D91045748BBA}.Release|Any CPU.ActiveCfg = Release|Any CPU
		{45B1F0E4-866E-4D28-AF9E-D91045748BBA}.Release|Any CPU.Build.0 = Release|Any CPU
		{4FA46700-BB7C-4F24-B994-F124C22FA23E}.Debug|Any CPU.ActiveCfg = Debug|Any CPU
		{4FA46700-BB7C-4F24-B994-F124C22FA23E}.Debug|Any CPU.Build.0 = Debug|Any CPU
		{4FA46700-BB7C-4F24-B994-F124C22FA23E}.Release|Any CPU.ActiveCfg = Release|Any CPU
		{4FA46700-BB7C-4F24-B994-F124C22FA23E}.Release|Any CPU.Build.0 = Release|Any CPU
		{DB0DCE19-346D-45C0-8680-601595EC0A90}.Debug|Any CPU.ActiveCfg = Debug|Any CPU
		{DB0DCE19-346D-45C0-8680-601595EC0A90}.Debug|Any CPU.Build.0 = Debug|Any CPU
		{DB0DCE19-346D-45C0-8680-601595EC0A90}.Release|Any CPU.ActiveCfg = Release|Any CPU
		{DB0DCE19-346D-45C0-8680-601595EC0A90}.Release|Any CPU.Build.0 = Release|Any CPU
		{43EFF15F-BB0C-4A79-BC5E-2CD650B6FE90}.Debug|Any CPU.ActiveCfg = Debug|Any CPU
		{43EFF15F-BB0C-4A79-BC5E-2CD650B6FE90}.Debug|Any CPU.Build.0 = Debug|Any CPU
		{43EFF15F-BB0C-4A79-BC5E-2CD650B6FE90}.Release|Any CPU.ActiveCfg = Release|Any CPU
		{43EFF15F-BB0C-4A79-BC5E-2CD650B6FE90}.Release|Any CPU.Build.0 = Release|Any CPU
		{94D30009-761B-4DF4-A279-8352FF650B89}.Debug|Any CPU.ActiveCfg = Debug|Any CPU
		{94D30009-761B-4DF4-A279-8352FF650B89}.Debug|Any CPU.Build.0 = Debug|Any CPU
		{94D30009-761B-4DF4-A279-8352FF650B89}.Release|Any CPU.ActiveCfg = Release|Any CPU
		{94D30009-761B-4DF4-A279-8352FF650B89}.Release|Any CPU.Build.0 = Release|Any CPU
		{FD25029F-DD13-43E8-B3B0-85D98364408C}.Debug|Any CPU.ActiveCfg = Debug|Any CPU
		{FD25029F-DD13-43E8-B3B0-85D98364408C}.Debug|Any CPU.Build.0 = Debug|Any CPU
		{FD25029F-DD13-43E8-B3B0-85D98364408C}.Release|Any CPU.ActiveCfg = Release|Any CPU
		{FD25029F-DD13-43E8-B3B0-85D98364408C}.Release|Any CPU.Build.0 = Release|Any CPU
		{D58E4C74-115F-4490-9D19-E7D288286E67}.Debug|Any CPU.ActiveCfg = Debug|Any CPU
		{D58E4C74-115F-4490-9D19-E7D288286E67}.Debug|Any CPU.Build.0 = Debug|Any CPU
		{D58E4C74-115F-4490-9D19-E7D288286E67}.Release|Any CPU.ActiveCfg = Release|Any CPU
		{D58E4C74-115F-4490-9D19-E7D288286E67}.Release|Any CPU.Build.0 = Release|Any CPU
		{410F2EFF-254E-403C-9321-15131E550C96}.Debug|Any CPU.ActiveCfg = Debug|Any CPU
		{410F2EFF-254E-403C-9321-15131E550C96}.Debug|Any CPU.Build.0 = Debug|Any CPU
		{410F2EFF-254E-403C-9321-15131E550C96}.Release|Any CPU.ActiveCfg = Release|Any CPU
		{410F2EFF-254E-403C-9321-15131E550C96}.Release|Any CPU.Build.0 = Release|Any CPU
		{42C72431-963A-4CCB-A4F9-7A2CB7D64AB5}.Debug|Any CPU.ActiveCfg = Debug|Any CPU
		{42C72431-963A-4CCB-A4F9-7A2CB7D64AB5}.Debug|Any CPU.Build.0 = Debug|Any CPU
		{42C72431-963A-4CCB-A4F9-7A2CB7D64AB5}.Release|Any CPU.ActiveCfg = Release|Any CPU
		{42C72431-963A-4CCB-A4F9-7A2CB7D64AB5}.Release|Any CPU.Build.0 = Release|Any CPU
		{A94B2AA1-BCA5-43F4-87CC-59A063881E13}.Debug|Any CPU.ActiveCfg = Debug|Any CPU
		{A94B2AA1-BCA5-43F4-87CC-59A063881E13}.Debug|Any CPU.Build.0 = Debug|Any CPU
		{A94B2AA1-BCA5-43F4-87CC-59A063881E13}.Release|Any CPU.ActiveCfg = Release|Any CPU
		{A94B2AA1-BCA5-43F4-87CC-59A063881E13}.Release|Any CPU.Build.0 = Release|Any CPU
		{BC5FDE10-8CD2-4993-9299-301EA77DA3C7}.Debug|Any CPU.ActiveCfg = Debug|Any CPU
		{BC5FDE10-8CD2-4993-9299-301EA77DA3C7}.Debug|Any CPU.Build.0 = Debug|Any CPU
		{BC5FDE10-8CD2-4993-9299-301EA77DA3C7}.Release|Any CPU.ActiveCfg = Release|Any CPU
		{BC5FDE10-8CD2-4993-9299-301EA77DA3C7}.Release|Any CPU.Build.0 = Release|Any CPU
		{34967BA1-4693-4B37-86D6-A025EFA6D0B7}.Debug|Any CPU.ActiveCfg = Debug|Any CPU
		{34967BA1-4693-4B37-86D6-A025EFA6D0B7}.Debug|Any CPU.Build.0 = Debug|Any CPU
		{34967BA1-4693-4B37-86D6-A025EFA6D0B7}.Release|Any CPU.ActiveCfg = Release|Any CPU
		{34967BA1-4693-4B37-86D6-A025EFA6D0B7}.Release|Any CPU.Build.0 = Release|Any CPU
	EndGlobalSection
	GlobalSection(SolutionProperties) = preSolution
		HideSolutionNode = FALSE
	EndGlobalSection
	GlobalSection(NestedProjects) = preSolution
		{6223E84C-4B7D-4F8E-A1F7-68244F25D3A2} = {6AF5DC4B-F0D9-44B3-A4F1-E0232A1D6582}
		{A1B7C252-143C-48E1-AAD9-07E16D810FE9} = {6AF5DC4B-F0D9-44B3-A4F1-E0232A1D6582}
		{F4DDEAFD-342E-496E-8444-9E2C05AE055B} = {6AF5DC4B-F0D9-44B3-A4F1-E0232A1D6582}
		{92C73D88-9A74-4FCE-A40C-910DF46692A4} = {02EA681E-C7D8-13C7-8484-4AC65E1B71E8}
		{F15F4570-0D9C-4ECD-9335-6621CD929841} = {92C73D88-9A74-4FCE-A40C-910DF46692A4}
		{9037CA2A-5257-4F1C-A75F-6A2CD63119CA} = {92C73D88-9A74-4FCE-A40C-910DF46692A4}
		{04B35CA5-1BCB-42CA-8AF3-940839432FED} = {92C73D88-9A74-4FCE-A40C-910DF46692A4}
		{0A5AF10B-67CB-40FB-A452-8B6DCDBC62CF} = {92C73D88-9A74-4FCE-A40C-910DF46692A4}
		{C74ACE12-3F91-4EDE-95BA-5C241A6FE5B6} = {02EA681E-C7D8-13C7-8484-4AC65E1B71E8}
		{BC0D236E-7E0F-41B9-8C75-D4DA3D2D967F} = {C74ACE12-3F91-4EDE-95BA-5C241A6FE5B6}
		{43462603-361D-4104-A0EC-10592873D9F7} = {C74ACE12-3F91-4EDE-95BA-5C241A6FE5B6}
		{F0461B6C-664A-4F36-A404-273A38E0B04B} = {C74ACE12-3F91-4EDE-95BA-5C241A6FE5B6}
		{CFB62D60-8928-4561-9E27-24A466AC10E2} = {C74ACE12-3F91-4EDE-95BA-5C241A6FE5B6}
		{4E9C9BA7-6C0B-401F-ADFB-1EB355425C07} = {02EA681E-C7D8-13C7-8484-4AC65E1B71E8}
		{F5A376B9-B187-4325-9D9F-FC451482B56B} = {4E9C9BA7-6C0B-401F-ADFB-1EB355425C07}
		{F7A6EDDD-05E6-492E-A975-CCFC7C9EB300} = {4E9C9BA7-6C0B-401F-ADFB-1EB355425C07}
		{F8A0FADE-3D80-487E-AFD9-6AF6C3F9524F} = {4E9C9BA7-6C0B-401F-ADFB-1EB355425C07}
		{8AE0D8E7-C124-42A5-85E8-7CA480A1A0B6} = {02EA681E-C7D8-13C7-8484-4AC65E1B71E8}
		{D2104A43-8B16-4829-8A68-3D9D2DE15C06} = {8AE0D8E7-C124-42A5-85E8-7CA480A1A0B6}
		{A4716F7E-90B2-41CE-8B6E-EC35368C2131} = {8AE0D8E7-C124-42A5-85E8-7CA480A1A0B6}
		{D660E7C5-FC60-4A6B-9BE2-45D1F1DD7622} = {8AE0D8E7-C124-42A5-85E8-7CA480A1A0B6}
		{660F8FA6-DA1B-44B5-829A-2379CEE4F18E} = {8AE0D8E7-C124-42A5-85E8-7CA480A1A0B6}
		{49DA0AF6-2C43-428B-9371-08F460DD0FE9} = {02EA681E-C7D8-13C7-8484-4AC65E1B71E8}
		{086EDD8E-D24A-42DF-9C35-83B1D34EA267} = {49DA0AF6-2C43-428B-9371-08F460DD0FE9}
		{479AC027-79B1-4670-978E-395FC93A7973} = {49DA0AF6-2C43-428B-9371-08F460DD0FE9}
		{EDFB259E-9021-44EC-B8A7-A0D39426CE31} = {49DA0AF6-2C43-428B-9371-08F460DD0FE9}
		{45D60162-F87A-420F-846E-A0DDC4D53B1F} = {49DA0AF6-2C43-428B-9371-08F460DD0FE9}
		{A78B7555-7EBF-424A-8C5E-F3D5BCE027D8} = {02EA681E-C7D8-13C7-8484-4AC65E1B71E8}
		{7902E8C6-AFDA-4D57-868D-C7946EAF6736} = {A78B7555-7EBF-424A-8C5E-F3D5BCE027D8}
		{45B1F0E4-866E-4D28-AF9E-D91045748BBA} = {A78B7555-7EBF-424A-8C5E-F3D5BCE027D8}
		{4FA46700-BB7C-4F24-B994-F124C22FA23E} = {A78B7555-7EBF-424A-8C5E-F3D5BCE027D8}
		{DB0DCE19-346D-45C0-8680-601595EC0A90} = {A78B7555-7EBF-424A-8C5E-F3D5BCE027D8}
		{D8DA89D8-2FBF-4C65-A8AA-3BA635680FCB} = {02EA681E-C7D8-13C7-8484-4AC65E1B71E8}
		{43EFF15F-BB0C-4A79-BC5E-2CD650B6FE90} = {D8DA89D8-2FBF-4C65-A8AA-3BA635680FCB}
		{94D30009-761B-4DF4-A279-8352FF650B89} = {D8DA89D8-2FBF-4C65-A8AA-3BA635680FCB}
		{FD25029F-DD13-43E8-B3B0-85D98364408C} = {D8DA89D8-2FBF-4C65-A8AA-3BA635680FCB}
		{D58E4C74-115F-4490-9D19-E7D288286E67} = {D8DA89D8-2FBF-4C65-A8AA-3BA635680FCB}
		{4CB0CB40-37EB-4F8F-9E27-69E093607DF9} = {02EA681E-C7D8-13C7-8484-4AC65E1B71E8}
		{410F2EFF-254E-403C-9321-15131E550C96} = {4CB0CB40-37EB-4F8F-9E27-69E093607DF9}
		{42C72431-963A-4CCB-A4F9-7A2CB7D64AB5} = {4CB0CB40-37EB-4F8F-9E27-69E093607DF9}
		{A94B2AA1-BCA5-43F4-87CC-59A063881E13} = {4CB0CB40-37EB-4F8F-9E27-69E093607DF9}
		{BC5FDE10-8CD2-4993-9299-301EA77DA3C7} = {4CB0CB40-37EB-4F8F-9E27-69E093607DF9}
		{34967BA1-4693-4B37-86D6-A025EFA6D0B7} = {4E9C9BA7-6C0B-401F-ADFB-1EB355425C07}
	EndGlobalSection
	GlobalSection(ExtensibilityGlobals) = postSolution
		SolutionGuid = {DD2E3624-E4F3-4250-B975-A9CF419450C3}
	EndGlobalSection
EndGlobal
